
Microsoft Visual Studio Solution File, Format Version 12.00
# Visual Studio Version 16
VisualStudioVersion = 16.0.29411.108
MinimumVisualStudioVersion = 10.0.40219.1
Project("{FAE04EC0-301F-11D3-BF4B-00C04F79EFBC}") = "App8.Android", "App8\App8.Android\App8.Android.csproj", "{1704CECE-E829-4427-83B6-9406C1F59590}"
EndProject
Project("{FAE04EC0-301F-11D3-BF4B-00C04F79EFBC}") = "App8.iOS", "App8\App8.iOS\App8.iOS.csproj", "{2F2BEF6E-F529-4D71-A891-4CA7E59D46A7}"
EndProject
Project("{9A19103F-16F7-4668-BE54-9A1E7A4F7556}") = "App8", "App8\App8\App8.csproj", "{14537374-C0CD-42E6-AA83-9692E1DE3201}"
EndProject
Global
	GlobalSection(SolutionConfigurationPlatforms) = preSolution
		Debug|Any CPU = Debug|Any CPU
		Debug|ARM = Debug|ARM
		Debug|iPhone = Debug|iPhone
		Debug|iPhoneSimulator = Debug|iPhoneSimulator
		Debug|x64 = Debug|x64
		Debug|x86 = Debug|x86
		Release|Any CPU = Release|Any CPU
		Release|ARM = Release|ARM
		Release|iPhone = Release|iPhone
		Release|iPhoneSimulator = Release|iPhoneSimulator
		Release|x64 = Release|x64
		Release|x86 = Release|x86
	EndGlobalSection
	GlobalSection(ProjectConfigurationPlatforms) = postSolution
		{1704CECE-E829-4427-83B6-9406C1F59590}.Debug|Any CPU.ActiveCfg = Debug|Any CPU
		{1704CECE-E829-4427-83B6-9406C1F59590}.Debug|Any CPU.Build.0 = Debug|Any CPU
		{1704CECE-E829-4427-83B6-9406C1F59590}.Debug|Any CPU.Deploy.0 = Debug|Any CPU
		{1704CECE-E829-4427-83B6-9406C1F59590}.Debug|ARM.ActiveCfg = Debug|Any CPU
		{1704CECE-E829-4427-83B6-9406C1F59590}.Debug|ARM.Build.0 = Debug|Any CPU
		{1704CECE-E829-4427-83B6-9406C1F59590}.Debug|ARM.Deploy.0 = Debug|Any CPU
		{1704CECE-E829-4427-83B6-9406C1F59590}.Debug|iPhone.ActiveCfg = Debug|Any CPU
		{1704CECE-E829-4427-83B6-9406C1F59590}.Debug|iPhone.Build.0 = Debug|Any CPU
		{1704CECE-E829-4427-83B6-9406C1F59590}.Debug|iPhone.Deploy.0 = Debug|Any CPU
		{1704CECE-E829-4427-83B6-9406C1F59590}.Debug|iPhoneSimulator.ActiveCfg = Debug|Any CPU
		{1704CECE-E829-4427-83B6-9406C1F59590}.Debug|iPhoneSimulator.Build.0 = Debug|Any CPU
		{1704CECE-E829-4427-83B6-9406C1F59590}.Debug|iPhoneSimulator.Deploy.0 = Debug|Any CPU
		{1704CECE-E829-4427-83B6-9406C1F59590}.Debug|x64.ActiveCfg = Debug|Any CPU
		{1704CECE-E829-4427-83B6-9406C1F59590}.Debug|x64.Build.0 = Debug|Any CPU
		{1704CECE-E829-4427-83B6-9406C1F59590}.Debug|x64.Deploy.0 = Debug|Any CPU
		{1704CECE-E829-4427-83B6-9406C1F59590}.Debug|x86.ActiveCfg = Debug|Any CPU
		{1704CECE-E829-4427-83B6-9406C1F59590}.Debug|x86.Build.0 = Debug|Any CPU
		{1704CECE-E829-4427-83B6-9406C1F59590}.Debug|x86.Deploy.0 = Debug|Any CPU
		{1704CECE-E829-4427-83B6-9406C1F59590}.Release|Any CPU.ActiveCfg = Release|Any CPU
		{1704CECE-E829-4427-83B6-9406C1F59590}.Release|Any CPU.Build.0 = Release|Any CPU
		{1704CECE-E829-4427-83B6-9406C1F59590}.Release|Any CPU.Deploy.0 = Release|Any CPU
		{1704CECE-E829-4427-83B6-9406C1F59590}.Release|ARM.ActiveCfg = Release|Any CPU
		{1704CECE-E829-4427-83B6-9406C1F59590}.Release|ARM.Build.0 = Release|Any CPU
		{1704CECE-E829-4427-83B6-9406C1F59590}.Release|ARM.Deploy.0 = Release|Any CPU
		{1704CECE-E829-4427-83B6-9406C1F59590}.Release|iPhone.ActiveCfg = Release|Any CPU
		{1704CECE-E829-4427-83B6-9406C1F59590}.Release|iPhone.Build.0 = Release|Any CPU
		{1704CECE-E829-4427-83B6-9406C1F59590}.Release|iPhone.Deploy.0 = Release|Any CPU
		{1704CECE-E829-4427-83B6-9406C1F59590}.Release|iPhoneSimulator.ActiveCfg = Release|Any CPU
		{1704CECE-E829-4427-83B6-9406C1F59590}.Release|iPhoneSimulator.Build.0 = Release|Any CPU
		{1704CECE-E829-4427-83B6-9406C1F59590}.Release|iPhoneSimulator.Deploy.0 = Release|Any CPU
		{1704CECE-E829-4427-83B6-9406C1F59590}.Release|x64.ActiveCfg = Release|Any CPU
		{1704CECE-E829-4427-83B6-9406C1F59590}.Release|x64.Build.0 = Release|Any CPU
		{1704CECE-E829-4427-83B6-9406C1F59590}.Release|x64.Deploy.0 = Release|Any CPU
		{1704CECE-E829-4427-83B6-9406C1F59590}.Release|x86.ActiveCfg = Release|Any CPU
		{1704CECE-E829-4427-83B6-9406C1F59590}.Release|x86.Build.0 = Release|Any CPU
		{1704CECE-E829-4427-83B6-9406C1F59590}.Release|x86.Deploy.0 = Release|Any CPU
		{2F2BEF6E-F529-4D71-A891-4CA7E59D46A7}.Debug|Any CPU.ActiveCfg = Debug|iPhone
		{2F2BEF6E-F529-4D71-A891-4CA7E59D46A7}.Debug|Any CPU.Build.0 = Debug|iPhone
		{2F2BEF6E-F529-4D71-A891-4CA7E59D46A7}.Debug|Any CPU.Deploy.0 = Debug|iPhone
		{2F2BEF6E-F529-4D71-A891-4CA7E59D46A7}.Debug|ARM.ActiveCfg = Debug|iPhoneSimulator
		{2F2BEF6E-F529-4D71-A891-4CA7E59D46A7}.Debug|ARM.Build.0 = Debug|iPhoneSimulator
		{2F2BEF6E-F529-4D71-A891-4CA7E59D46A7}.Debug|ARM.Deploy.0 = Debug|iPhoneSimulator
		{2F2BEF6E-F529-4D71-A891-4CA7E59D46A7}.Debug|iPhone.ActiveCfg = Debug|iPhone
		{2F2BEF6E-F529-4D71-A891-4CA7E59D46A7}.Debug|iPhone.Build.0 = Debug|iPhone
		{2F2BEF6E-F529-4D71-A891-4CA7E59D46A7}.Debug|iPhone.Deploy.0 = Debug|iPhone
		{2F2BEF6E-F529-4D71-A891-4CA7E59D46A7}.Debug|iPhoneSimulator.ActiveCfg = Debug|iPhoneSimulator
		{2F2BEF6E-F529-4D71-A891-4CA7E59D46A7}.Debug|iPhoneSimulator.Build.0 = Debug|iPhoneSimulator
		{2F2BEF6E-F529-4D71-A891-4CA7E59D46A7}.Debug|iPhoneSimulator.Deploy.0 = Debug|iPhoneSimulator
		{2F2BEF6E-F529-4D71-A891-4CA7E59D46A7}.Debug|x64.ActiveCfg = Debug|iPhone
		{2F2BEF6E-F529-4D71-A891-4CA7E59D46A7}.Debug|x64.Build.0 = Debug|iPhone
		{2F2BEF6E-F529-4D71-A891-4CA7E59D46A7}.Debug|x64.Deploy.0 = Debug|iPhone
		{2F2BEF6E-F529-4D71-A891-4CA7E59D46A7}.Debug|x86.ActiveCfg = Debug|iPhone
		{2F2BEF6E-F529-4D71-A891-4CA7E59D46A7}.Debug|x86.Build.0 = Debug|iPhone
		{2F2BEF6E-F529-4D71-A891-4CA7E59D46A7}.Debug|x86.Deploy.0 = Debug|iPhone
		{2F2BEF6E-F529-4D71-A891-4CA7E59D46A7}.Release|Any CPU.ActiveCfg = Release|iPhone
		{2F2BEF6E-F529-4D71-A891-4CA7E59D46A7}.Release|Any CPU.Build.0 = Release|iPhone
		{2F2BEF6E-F529-4D71-A891-4CA7E59D46A7}.Release|Any CPU.Deploy.0 = Release|iPhone
		{2F2BEF6E-F529-4D71-A891-4CA7E59D46A7}.Release|ARM.ActiveCfg = Release|iPhone
		{2F2BEF6E-F529-4D71-A891-4CA7E59D46A7}.Release|ARM.Build.0 = Release|iPhone
		{2F2BEF6E-F529-4D71-A891-4CA7E59D46A7}.Release|ARM.Deploy.0 = Release|iPhone
		{2F2BEF6E-F529-4D71-A891-4CA7E59D46A7}.Release|iPhone.ActiveCfg = Release|iPhone
		{2F2BEF6E-F529-4D71-A891-4CA7E59D46A7}.Release|iPhone.Build.0 = Release|iPhone
		{2F2BEF6E-F529-4D71-A891-4CA7E59D46A7}.Release|iPhone.Deploy.0 = Release|iPhone
		{2F2BEF6E-F529-4D71-A891-4CA7E59D46A7}.Release|iPhoneSimulator.ActiveCfg = Release|iPhoneSimulator
		{2F2BEF6E-F529-4D71-A891-4CA7E59D46A7}.Release|iPhoneSimulator.Build.0 = Release|iPhoneSimulator
		{2F2BEF6E-F529-4D71-A891-4CA7E59D46A7}.Release|iPhoneSimulator.Deploy.0 = Release|iPhoneSimulator
		{2F2BEF6E-F529-4D71-A891-4CA7E59D46A7}.Release|x64.ActiveCfg = Release|iPhone
		{2F2BEF6E-F529-4D71-A891-4CA7E59D46A7}.Release|x64.Build.0 = Release|iPhone
		{2F2BEF6E-F529-4D71-A891-4CA7E59D46A7}.Release|x64.Deploy.0 = Release|iPhone
		{2F2BEF6E-F529-4D71-A891-4CA7E59D46A7}.Release|x86.ActiveCfg = Release|iPhone
		{2F2BEF6E-F529-4D71-A891-4CA7E59D46A7}.Release|x86.Build.0 = Release|iPhone
		{2F2BEF6E-F529-4D71-A891-4CA7E59D46A7}.Release|x86.Deploy.0 = Release|iPhone
		{14537374-C0CD-42E6-AA83-9692E1DE3201}.Debug|Any CPU.ActiveCfg = Debug|Any CPU
		{14537374-C0CD-42E6-AA83-9692E1DE3201}.Debug|Any CPU.Build.0 = Debug|Any CPU
		{14537374-C0CD-42E6-AA83-9692E1DE3201}.Debug|Any CPU.Deploy.0 = Debug|Any CPU
		{14537374-C0CD-42E6-AA83-9692E1DE3201}.Debug|ARM.ActiveCfg = Debug|Any CPU
		{14537374-C0CD-42E6-AA83-9692E1DE3201}.Debug|ARM.Build.0 = Debug|Any CPU
		{14537374-C0CD-42E6-AA83-9692E1DE3201}.Debug|ARM.Deploy.0 = Debug|Any CPU
		{14537374-C0CD-42E6-AA83-9692E1DE3201}.Debug|iPhone.ActiveCfg = Debug|Any CPU
		{14537374-C0CD-42E6-AA83-9692E1DE3201}.Debug|iPhone.Build.0 = Debug|Any CPU
		{14537374-C0CD-42E6-AA83-9692E1DE3201}.Debug|iPhone.Deploy.0 = Debug|Any CPU
		{14537374-C0CD-42E6-AA83-9692E1DE3201}.Debug|iPhoneSimulator.ActiveCfg = Debug|Any CPU
		{14537374-C0CD-42E6-AA83-9692E1DE3201}.Debug|iPhoneSimulator.Build.0 = Debug|Any CPU
		{14537374-C0CD-42E6-AA83-9692E1DE3201}.Debug|iPhoneSimulator.Deploy.0 = Debug|Any CPU
		{14537374-C0CD-42E6-AA83-9692E1DE3201}.Debug|x64.ActiveCfg = Debug|Any CPU
		{14537374-C0CD-42E6-AA83-9692E1DE3201}.Debug|x64.Build.0 = Debug|Any CPU
		{14537374-C0CD-42E6-AA83-9692E1DE3201}.Debug|x64.Deploy.0 = Debug|Any CPU
		{14537374-C0CD-42E6-AA83-9692E1DE3201}.Debug|x86.ActiveCfg = Debug|Any CPU
		{14537374-C0CD-42E6-AA83-9692E1DE3201}.Debug|x86.Build.0 = Debug|Any CPU
		{14537374-C0CD-42E6-AA83-9692E1DE3201}.Debug|x86.Deploy.0 = Debug|Any CPU
		{14537374-C0CD-42E6-AA83-9692E1DE3201}.Release|Any CPU.ActiveCfg = Release|Any CPU
		{14537374-C0CD-42E6-AA83-9692E1DE3201}.Release|Any CPU.Build.0 = Release|Any CPU
		{14537374-C0CD-42E6-AA83-9692E1DE3201}.Release|Any CPU.Deploy.0 = Release|Any CPU
		{14537374-C0CD-42E6-AA83-9692E1DE3201}.Release|ARM.ActiveCfg = Release|Any CPU
		{14537374-C0CD-42E6-AA83-9692E1DE3201}.Release|ARM.Build.0 = Release|Any CPU
		{14537374-C0CD-42E6-AA83-9692E1DE3201}.Release|ARM.Deploy.0 = Release|Any CPU
		{14537374-C0CD-42E6-AA83-9692E1DE3201}.Release|iPhone.ActiveCfg = Release|Any CPU
		{14537374-C0CD-42E6-AA83-9692E1DE3201}.Release|iPhone.Build.0 = Release|Any CPU
		{14537374-C0CD-42E6-AA83-9692E1DE3201}.Release|iPhone.Deploy.0 = Release|Any CPU
		{14537374-C0CD-42E6-AA83-9692E1DE3201}.Release|iPhoneSimulator.ActiveCfg = Release|Any CPU
		{14537374-C0CD-42E6-AA83-9692E1DE3201}.Release|iPhoneSimulator.Build.0 = Release|Any CPU
		{14537374-C0CD-42E6-AA83-9692E1DE3201}.Release|iPhoneSimulator.Deploy.0 = Release|Any CPU
		{14537374-C0CD-42E6-AA83-9692E1DE3201}.Release|x64.ActiveCfg = Release|Any CPU
		{14537374-C0CD-42E6-AA83-9692E1DE3201}.Release|x64.Build.0 = Release|Any CPU
		{14537374-C0CD-42E6-AA83-9692E1DE3201}.Release|x64.Deploy.0 = Release|Any CPU
		{14537374-C0CD-42E6-AA83-9692E1DE3201}.Release|x86.ActiveCfg = Release|Any CPU
		{14537374-C0CD-42E6-AA83-9692E1DE3201}.Release|x86.Build.0 = Release|Any CPU
		{14537374-C0CD-42E6-AA83-9692E1DE3201}.Release|x86.Deploy.0 = Release|Any CPU
	EndGlobalSection
	GlobalSection(SolutionProperties) = preSolution
		HideSolutionNode = FALSE
	EndGlobalSection
	GlobalSection(ExtensibilityGlobals) = postSolution
		SolutionGuid = {837EC3F5-4939-4EA7-9EF5-1A5C548E3024}
	EndGlobalSection
EndGlobal
